
Microsoft Visual Studio Solution File, Format Version 12.00
# Visual Studio 2013
Project("{2150E333-8FDC-42A3-9474-1A3956D46DE8}") = "Engine", "Engine", "{56426683-D383-4876-B430-F84D71591E76}"
EndProject
Project("{2150E333-8FDC-42A3-9474-1A3956D46DE8}") = "Games", "Games", "{E377D4F9-E4B5-46AC-ACBB-4D61C1E2723C}"
EndProject
Project("{8BC9CEB8-8B4A-11D0-8D11-00A0C91BC942}") = "ATLASrift", "Intermediate\ProjectFiles\ATLASrift.vcxproj", "{DFC9D177-839C-4580-8CDC-056426D0A038}"
	ProjectSection(ProjectDependencies) = postProject
	EndProjectSection
EndProject
Project("{8BC9CEB8-8B4A-11D0-8D11-00A0C91BC942}") = "UE4", "Intermediate\ProjectFiles\UE4.vcxproj", "{65B2BBFE-17A7-4FCA-97AA-F0A7CC8741A0}"
EndProject
Global
	GlobalSection(SolutionConfigurationPlatforms) = preSolution
		DebugGame Editor|Windows = DebugGame Editor|Windows
		DebugGame|Windows = DebugGame|Windows
		Development Editor|Windows = Development Editor|Windows
		Development|Windows = Development|Windows
		Shipping|Windows = Shipping|Windows
	EndGlobalSection
	GlobalSection(ProjectConfigurationPlatforms) = postSolution
		{DFC9D177-839C-4580-8CDC-056426D0A038}.DebugGame Editor|Windows.ActiveCfg = DebugGame_Editor|x64
		{DFC9D177-839C-4580-8CDC-056426D0A038}.DebugGame Editor|Windows.Build.0 = DebugGame_Editor|x64
		{DFC9D177-839C-4580-8CDC-056426D0A038}.DebugGame|Windows.ActiveCfg = DebugGame_Game|x64
		{DFC9D177-839C-4580-8CDC-056426D0A038}.DebugGame|Windows.Build.0 = DebugGame_Game|x64
		{DFC9D177-839C-4580-8CDC-056426D0A038}.Development Editor|Windows.ActiveCfg = Development_Editor|x64
		{DFC9D177-839C-4580-8CDC-056426D0A038}.Development Editor|Windows.Build.0 = Development_Editor|x64
		{DFC9D177-839C-4580-8CDC-056426D0A038}.Development|Windows.ActiveCfg = Development_Game|x64
		{DFC9D177-839C-4580-8CDC-056426D0A038}.Development|Windows.Build.0 = Development_Game|x64
		{DFC9D177-839C-4580-8CDC-056426D0A038}.Shipping|Windows.ActiveCfg = Shipping_Game|Win32
		{DFC9D177-839C-4580-8CDC-056426D0A038}.Shipping|Windows.Build.0 = Shipping_Game|Win32
	EndGlobalSection
	GlobalSection(SolutionProperties) = preSolution
		HideSolutionNode = FALSE
	EndGlobalSection
	GlobalSection(NestedProjects) = preSolution
		{65B2BBFE-17A7-4FCA-97AA-F0A7CC8741A0} = {56426683-D383-4876-B430-F84D71591E76}
		{DFC9D177-839C-4580-8CDC-056426D0A038} = {E377D4F9-E4B5-46AC-ACBB-4D61C1E2723C}
	EndGlobalSection
EndGlobal
